// !$*UTF8*$!
{
	archiveVersion = 1;
	classes = {
	};
	objectVersion = 48;
	objects = {

/* Begin PBXBuildFile section */
		330531AB1F560186007C6900 /* AppDelegate.swift in Sources */ = {isa = PBXBuildFile; fileRef = 330531AA1F560186007C6900 /* AppDelegate.swift */; };
		330531AD1F560186007C6900 /* ViewController.swift in Sources */ = {isa = PBXBuildFile; fileRef = 330531AC1F560186007C6900 /* ViewController.swift */; };
		330531B01F560186007C6900 /* Main.storyboard in Resources */ = {isa = PBXBuildFile; fileRef = 330531AE1F560186007C6900 /* Main.storyboard */; };
		330531B31F560187007C6900 /* My_Meals.xcdatamodeld in Sources */ = {isa = PBXBuildFile; fileRef = 330531B11F560187007C6900 /* My_Meals.xcdatamodeld */; };
		330531B51F560187007C6900 /* Assets.xcassets in Resources */ = {isa = PBXBuildFile; fileRef = 330531B41F560187007C6900 /* Assets.xcassets */; };
		330531B81F560187007C6900 /* LaunchScreen.storyboard in Resources */ = {isa = PBXBuildFile; fileRef = 330531B61F560187007C6900 /* LaunchScreen.storyboard */; };
/* End PBXBuildFile section */

/* Begin PBXFileReference section */
		330531A71F560186007C6900 /* My Meals.app */ = {isa = PBXFileReference; explicitFileType = wrapper.application; includeInIndex = 0; path = "My Meals.app"; sourceTree = BUILT_PRODUCTS_DIR; };
		330531AA1F560186007C6900 /* AppDelegate.swift */ = {isa = PBXFileReference; lastKnownFileType = sourcecode.swift; path = AppDelegate.swift; sourceTree = "<group>"; };
		330531AC1F560186007C6900 /* ViewController.swift */ = {isa = PBXFileReference; lastKnownFileType = sourcecode.swift; path = ViewController.swift; sourceTree = "<group>"; };
		330531AF1F560186007C6900 /* Base */ = {isa = PBXFileReference; lastKnownFileType = file.storyboard; name = Base; path = Base.lproj/Main.storyboard; sourceTree = "<group>"; };
		330531B21F560187007C6900 /* My_Meals.xcdatamodel */ = {isa = PBXFileReference; lastKnownFileType = wrapper.xcdatamodel; path = My_Meals.xcdatamodel; sourceTree = "<group>"; };
		330531B41F560187007C6900 /* Assets.xcassets */ = {isa = PBXFileReference; lastKnownFileType = folder.assetcatalog; path = Assets.xcassets; sourceTree = "<group>"; };
		330531B71F560187007C6900 /* Base */ = {isa = PBXFileReference; lastKnownFileType = file.storyboard; name = Base; path = Base.lproj/LaunchScreen.storyboard; sourceTree = "<group>"; };
		330531B91F560187007C6900 /* Info.plist */ = {isa = PBXFileReference; lastKnownFileType = text.plist.xml; path = Info.plist; sourceTree = "<group>"; };
/* End PBXFileReference section */

/* Begin PBXFrameworksBuildPhase section */
		330531A41F560186007C6900 /* Frameworks */ = {
			isa = PBXFrameworksBuildPhase;
			buildActionMask = 2147483647;
			files = (
			);
			runOnlyForDeploymentPostprocessing = 0;
		};
/* End PBXFrameworksBuildPhase section */

/* Begin PBXGroup section */
		3305319E1F560186007C6900 = {
			isa = PBXGroup;
			children = (
				330531A91F560186007C6900 /* My Meals */,
				330531A81F560186007C6900 /* Products */,
			);
			sourceTree = "<group>";
		};
		330531A81F560186007C6900 /* Products */ = {
			isa = PBXGroup;
			children = (
				330531A71F560186007C6900 /* My Meals.app */,
			);
			name = Products;
			sourceTree = "<group>";
		};
		330531A91F560186007C6900 /* My Meals */ = {
			isa = PBXGroup;
			children = (
				330531AA1F560186007C6900 /* AppDelegate.swift */,
				330531AC1F560186007C6900 /* ViewController.swift */,
				330531AE1F560186007C6900 /* Main.storyboard */,
				330531B41F560187007C6900 /* Assets.xcassets */,
				330531B61F560187007C6900 /* LaunchScreen.storyboard */,
				330531B91F560187007C6900 /* Info.plist */,
				330531B11F560187007C6900 /* My_Meals.xcdatamodeld */,
			);
			path = "My Meals";
			sourceTree = "<group>";
		};
/* End PBXGroup section */

/* Begin PBXNativeTarget section */
		330531A61F560186007C6900 /* My Meals */ = {
			isa = PBXNativeTarget;
			buildConfigurationList = 330531BC1F560187007C6900 /* Build configuration list for PBXNativeTarget "My Meals" */;
			buildPhases = (
				330531A31F560186007C6900 /* Sources */,
				330531A41F560186007C6900 /* Frameworks */,
				330531A51F560186007C6900 /* Resources */,
			);
			buildRules = (
			);
			dependencies = (
			);
			name = "My Meals";
			productName = "My Meals";
			productReference = 330531A71F560186007C6900 /* My Meals.app */;
			productType = "com.apple.product-type.application";
		};
/* End PBXNativeTarget section */

/* Begin PBXProject section */
		3305319F1F560186007C6900 /* Project object */ = {
			isa = PBXProject;
			attributes = {
				LastSwiftUpdateCheck = 0900;
				LastUpgradeCheck = 0900;
				ORGANIZATIONNAME = "gina iliff";
				TargetAttributes = {
					330531A61F560186007C6900 = {
						CreatedOnToolsVersion = 9.0;
					};
				};
			};
			buildConfigurationList = 330531A21F560186007C6900 /* Build configuration list for PBXProject "My Meals" */;
			compatibilityVersion = "Xcode 8.0";
			developmentRegion = en;
			hasScannedForEncodings = 0;
			knownRegions = (
				en,
				Base,
			);
			mainGroup = 3305319E1F560186007C6900;
			productRefGroup = 330531A81F560186007C6900 /* Products */;
			projectDirPath = "";
			projectRoot = "";
			targets = (
				330531A61F560186007C6900 /* My Meals */,
			);
		};
/* End PBXProject section */

/* Begin PBXResourcesBuildPhase section */
		330531A51F560186007C6900 /* Resources */ = {
			isa = PBXResourcesBuildPhase;
			buildActionMask = 2147483647;
			files = (
				330531B81F560187007C6900 /* LaunchScreen.storyboard in Resources */,
				330531B51F560187007C6900 /* Assets.xcassets in Resources */,
				330531B01F560186007C6900 /* Main.storyboard in Resources */,
			);
			runOnlyForDeploymentPostprocessing = 0;
		};
/* End PBXResourcesBuildPhase section */

/* Begin PBXSourcesBuildPhase section */
		330531A31F560186007C6900 /* Sources */ = {
			isa = PBXSourcesBuildPhase;
			buildActionMask = 2147483647;
			files = (
				330531AD1F560186007C6900 /* ViewController.swift in Sources */,
				330531AB1F560186007C6900 /* AppDelegate.swift in Sources */,
				330531B31F560187007C6900 /* My_Meals.xcdatamodeld in Sources */,
			);
			runOnlyForDeploymentPostprocessing = 0;
		};
/* End PBXSourcesBuildPhase section */

/* Begin PBXVariantGroup section */
		330531AE1F560186007C6900 /* Main.storyboard */ = {
			isa = PBXVariantGroup;
			children = (
				330531AF1F560186007C6900 /* Base */,
			);
			name = Main.storyboard;
			sourceTree = "<group>";
		};
		330531B61F560187007C6900 /* LaunchScreen.storyboard */ = {
			isa = PBXVariantGroup;
			children = (
				330531B71F560187007C6900 /* Base */,
			);
			name = LaunchScreen.storyboard;
			sourceTree = "<group>";
		};
/* End PBXVariantGroup section */

/* Begin XCBuildConfiguration section */
		330531BA1F560187007C6900 /* Debug */ = {
			isa = XCBuildConfiguration;
			buildSettings = {
				ALWAYS_SEARCH_USER_PATHS = NO;
				CLANG_ANALYZER_NONNULL = YES;
				CLANG_ANALYZER_NUMBER_OBJECT_CONVERSION = YES_AGGRESSIVE;
				CLANG_CXX_LANGUAGE_STANDARD = "gnu++14";
				CLANG_CXX_LIBRARY = "libc++";
				CLANG_ENABLE_MODULES = YES;
				CLANG_ENABLE_OBJC_ARC = YES;
				CLANG_WARN_BLOCK_CAPTURE_AUTORELEASING = YES;
				CLANG_WARN_BOOL_CONVERSION = YES;
				CLANG_WARN_COMMA = YES;
				CLANG_WARN_CONSTANT_CONVERSION = YES;
				CLANG_WARN_DIRECT_OBJC_ISA_USAGE = YES_ERROR;
				CLANG_WARN_DOCUMENTATION_COMMENTS = YES;
				CLANG_WARN_EMPTY_BODY = YES;
				CLANG_WARN_ENUM_CONVERSION = YES;
				CLANG_WARN_INFINITE_RECURSION = YES;
				CLANG_WARN_INT_CONVERSION = YES;
				CLANG_WARN_NON_LITERAL_NULL_CONVERSION = YES;
				CLANG_WARN_OBJC_LITERAL_CONVERSION = YES;
				CLANG_WARN_OBJC_ROOT_CLASS = YES_ERROR;
				CLANG_WARN_RANGE_LOOP_ANALYSIS = YES;
				CLANG_WARN_STRICT_PROTOTYPES = YES;
				CLANG_WARN_SUSPICIOUS_MOVE = YES;
				CLANG_WARN_UNGUARDED_AVAILABILITY = YES_AGGRESSIVE;
				CLANG_WARN_UNREACHABLE_CODE = YES;
				CLANG_WARN__DUPLICATE_METHOD_MATCH = YES;
				CODE_SIGN_IDENTITY = "iPhone Developer";
				COPY_PHASE_STRIP = NO;
				DEBUG_INFORMATION_FORMAT = dwarf;
				ENABLE_STRICT_OBJC_MSGSEND = YES;
				ENABLE_TESTABILITY = YES;
				GCC_C_LANGUAGE_STANDARD = gnu11;
				GCC_DYNAMIC_NO_PIC = NO;
				GCC_NO_COMMON_BLOCKS = YES;
				GCC_OPTIMIZATION_LEVEL = 0;
				GCC_PREPROCESSOR_DEFINITIONS = (
					"DEBUG=1",
					"$(inherited)",
				);
				GCC_WARN_64_TO_32_BIT_CONVERSION = YES;
				GCC_WARN_ABOUT_RETURN_TYPE = YES_ERROR;
				GCC_WARN_UNDECLARED_SELECTOR = YES;
				GCC_WARN_UNINITIALIZED_AUTOS = YES_AGGRESSIVE;
				GCC_WARN_UNUSED_FUNCTION = YES;
				GCC_WARN_UNUSED_VARIABLE = YES;
				IPHONEOS_DEPLOYMENT_TARGET = 11.0;
				MTL_ENABLE_DEBUG_INFO = YES;
				ONLY_ACTIVE_ARCH = YES;
				SDKROOT = iphoneos;
				SWIFT_ACTIVE_COMPILATION_CONDITIONS = DEBUG;
				SWIFT_OPTIMIZATION_LEVEL = "-Onone";
			};
			name = Debug;
		};
		330531BB1F560187007C6900 /* Release */ = {
			isa = XCBuildConfiguration;
			buildSettings = {
				ALWAYS_SEARCH_USER_PATHS = NO;
				CLANG_ANALYZER_NONNULL = YES;
				CLANG_ANALYZER_NUMBER_OBJECT_CONVERSION = YES_AGGRESSIVE;
				CLANG_CXX_LANGUAGE_STANDARD = "gnu++14";
				CLANG_CXX_LIBRARY = "libc++";
				CLANG_ENABLE_MODULES = YES;
				CLANG_ENABLE_OBJC_ARC = YES;
				CLANG_WARN_BLOCK_CAPTURE_AUTORELEASING = YES;
				CLANG_WARN_BOOL_CONVERSION = YES;
				CLANG_WARN_COMMA = YES;
				CLANG_WARN_CONSTANT_CONVERSION = YES;
				CLANG_WARN_DIRECT_OBJC_ISA_USAGE = YES_ERROR;
				CLANG_WARN_DOCUMENTATION_COMMENTS = YES;
				CLANG_WARN_EMPTY_BODY = YES;
				CLANG_WARN_ENUM_CONVERSION = YES;
				CLANG_WARN_INFINITE_RECURSION = YES;
				CLANG_WARN_INT_CONVERSION = YES;
				CLANG_WARN_NON_LITERAL_NULL_CONVERSION = YES;
				CLANG_WARN_OBJC_LITERAL_CONVERSION = YES;
				CLANG_WARN_OBJC_ROOT_CLASS = YES_ERROR;
				CLANG_WARN_RANGE_LOOP_ANALYSIS = YES;
				CLANG_WARN_STRICT_PROTOTYPES = YES;
				CLANG_WARN_SUSPICIOUS_MOVE = YES;
				CLANG_WARN_UNGUARDED_AVAILABILITY = YES_AGGRESSIVE;
				CLANG_WARN_UNREACHABLE_CODE = YES;
				CLANG_WARN__DUPLICATE_METHOD_MATCH = YES;
				CODE_SIGN_IDENTITY = "iPhone Developer";
				COPY_PHASE_STRIP = NO;
				DEBUG_INFORMATION_FORMAT = "dwarf-with-dsym";
				ENABLE_NS_ASSERTIONS = NO;
				ENABLE_STRICT_OBJC_MSGSEND = YES;
				GCC_C_LANGUAGE_STANDARD = gnu11;
				GCC_NO_COMMON_BLOCKS = YES;
				GCC_WARN_64_TO_32_BIT_CONVERSION = YES;
				GCC_WARN_ABOUT_RETURN_TYPE = YES_ERROR;
				GCC_WARN_UNDECLARED_SELECTOR = YES;
				GCC_WARN_UNINITIALIZED_AUTOS = YES_AGGRESSIVE;
				GCC_WARN_UNUSED_FUNCTION = YES;
				GCC_WARN_UNUSED_VARIABLE = YES;
				IPHONEOS_DEPLOYMENT_TARGET = 11.0;
				MTL_ENABLE_DEBUG_INFO = NO;
				SDKROOT = iphoneos;
				SWIFT_OPTIMIZATION_LEVEL = "-Owholemodule";
				VALIDATE_PRODUCT = YES;
			};
			name = Release;
		};
		330531BD1F560187007C6900 /* Debug */ = {
			isa = XCBuildConfiguration;
			buildSettings = {
				ASSETCATALOG_COMPILER_APPICON_NAME = AppIcon;
				DEVELOPMENT_TEAM = CL59C3LYC3;
				INFOPLIST_FILE = "My Meals/Info.plist";
				LD_RUNPATH_SEARCH_PATHS = "$(inherited) @executable_path/Frameworks";
				PRODUCT_BUNDLE_IDENTIFIER = "gina.iliff.My-Meals";
				PRODUCT_NAME = "$(TARGET_NAME)";
				SWIFT_VERSION = 4.0;
				TARGETED_DEVICE_FAMILY = "1,2";
			};
			name = Debug;
		};
		330531BE1F560187007C6900 /* Release */ = {
			isa = XCBuildConfiguration;
			buildSettings = {
				ASSETCATALOG_COMPILER_APPICON_NAME = AppIcon;
				DEVELOPMENT_TEAM = CL59C3LYC3;
				INFOPLIST_FILE = "My Meals/Info.plist";
				LD_RUNPATH_SEARCH_PATHS = "$(inherited) @executable_path/Frameworks";
				PRODUCT_BUNDLE_IDENTIFIER = "gina.iliff.My-Meals";
				PRODUCT_NAME = "$(TARGET_NAME)";
				SWIFT_VERSION = 4.0;
				TARGETED_DEVICE_FAMILY = "1,2";
			};
			name = Release;
		};
/* End XCBuildConfiguration section */

/* Begin XCConfigurationList section */
		330531A21F560186007C6900 /* Build configuration list for PBXProject "My Meals" */ = {
			isa = XCConfigurationList;
			buildConfigurations = (
				330531BA1F560187007C6900 /* Debug */,
				330531BB1F560187007C6900 /* Release */,
			);
			defaultConfigurationIsVisible = 0;
			defaultConfigurationName = Release;
		};
		330531BC1F560187007C6900 /* Build configuration list for PBXNativeTarget "My Meals" */ = {
			isa = XCConfigurationList;
			buildConfigurations = (
				330531BD1F560187007C6900 /* Debug */,
				330531BE1F560187007C6900 /* Release */,
			);
			defaultConfigurationIsVisible = 0;
			defaultConfigurationName = Release;
		};
/* End XCConfigurationList section */

/* Begin XCVersionGroup section */
		330531B11F560187007C6900 /* My_Meals.xcdatamodeld */ = {
			isa = XCVersionGroup;
			children = (
				330531B21F560187007C6900 /* My_Meals.xcdatamodel */,
			);
			currentVersion = 330531B21F560187007C6900 /* My_Meals.xcdatamodel */;
			path = My_Meals.xcdatamodeld;
			sourceTree = "<group>";
			versionGroupType = wrapper.xcdatamodel;
		};
/* End XCVersionGroup section */
	};
	rootObject = 3305319F1F560186007C6900 /* Project object */;
}
